
Microsoft Visual Studio Solution File, Format Version 12.00
# Visual Studio Version 17
VisualStudioVersion = 17.13.36105.23 d17.13
MinimumVisualStudioVersion = 10.0.40219.1
Project("{FAE04EC0-301F-11D3-BF4B-00C04F79EFBC}") = "BookClub.Api", "BookClub.Api\BookClub.Api.csproj", "{CEB5E020-E7A3-4C18-B9BE-050A4155CB1D}"
EndProject
Global
	GlobalSection(SolutionConfigurationPlatforms) = preSolution
		Debug|Any CPU = Debug|Any CPU
		Release|Any CPU = Release|Any CPU
	EndGlobalSection
	GlobalSection(ProjectConfigurationPlatforms) = postSolution
		{CEB5E020-E7A3-4C18-B9BE-050A4155CB1D}.Debug|Any CPU.ActiveCfg = Debug|Any CPU
		{CEB5E020-E7A3-4C18-B9BE-050A4155CB1D}.Debug|Any CPU.Build.0 = Debug|Any CPU
		{CEB5E020-E7A3-4C18-B9BE-050A4155CB1D}.Release|Any CPU.ActiveCfg = Release|Any CPU
		{CEB5E020-E7A3-4C18-B9BE-050A4155CB1D}.Release|Any CPU.Build.0 = Release|Any CPU
	EndGlobalSection
	GlobalSection(SolutionProperties) = preSolution
		HideSolutionNode = FALSE
	EndGlobalSection
	GlobalSection(ExtensibilityGlobals) = postSolution
		SolutionGuid = {F1CA8A1E-7360-4F27-9830-DE6FD6667674}
	EndGlobalSection
EndGlobal
